
Microsoft Visual Studio Solution File, Format Version 12.00
# Visual Studio 15
VisualStudioVersion = 15.0.28010.2048
MinimumVisualStudioVersion = 10.0.40219.1
Project("{FAE04EC0-301F-11D3-BF4B-00C04F79EFBC}") = "Server", "Server\Server.csproj", "{B2D48D2C-2D85-4E3F-8336-778A2A1269E9}"
EndProject
Project("{FAE04EC0-301F-11D3-BF4B-00C04F79EFBC}") = "Client", "Client\Client.csproj", "{9EF222BD-41F6-462A-AB59-2321B9FE725F}"
	ProjectSection(ProjectDependencies) = postProject
		{B2D48D2C-2D85-4E3F-8336-778A2A1269E9} = {B2D48D2C-2D85-4E3F-8336-778A2A1269E9}
	EndProjectSection
EndProject
Global
	GlobalSection(SolutionConfigurationPlatforms) = preSolution
		Debug|Any CPU = Debug|Any CPU
		Release|Any CPU = Release|Any CPU
	EndGlobalSection
	GlobalSection(ProjectConfigurationPlatforms) = postSolution
		{B2D48D2C-2D85-4E3F-8336-778A2A1269E9}.Debug|Any CPU.ActiveCfg = Debug|Any CPU
		{B2D48D2C-2D85-4E3F-8336-778A2A1269E9}.Debug|Any CPU.Build.0 = Debug|Any CPU
		{B2D48D2C-2D85-4E3F-8336-778A2A1269E9}.Release|Any CPU.ActiveCfg = Release|Any CPU
		{B2D48D2C-2D85-4E3F-8336-778A2A1269E9}.Release|Any CPU.Build.0 = Release|Any CPU
		{9EF222BD-41F6-462A-AB59-2321B9FE725F}.Debug|Any CPU.ActiveCfg = Debug|Any CPU
		{9EF222BD-41F6-462A-AB59-2321B9FE725F}.Debug|Any CPU.Build.0 = Debug|Any CPU
		{9EF222BD-41F6-462A-AB59-2321B9FE725F}.Release|Any CPU.ActiveCfg = Release|Any CPU
		{9EF222BD-41F6-462A-AB59-2321B9FE725F}.Release|Any CPU.Build.0 = Release|Any CPU
	EndGlobalSection
	GlobalSection(SolutionProperties) = preSolution
		HideSolutionNode = FALSE
	EndGlobalSection
	GlobalSection(ExtensibilityGlobals) = postSolution
		SolutionGuid = {AD602CC3-3BF4-496C-9E92-0A8B0FEBFDCC}
	EndGlobalSection
EndGlobal
